
Microsoft Visual Studio Solution File, Format Version 12.00
# Visual Studio 15
VisualStudioVersion = 15.0.27428.2037
MinimumVisualStudioVersion = 10.0.40219.1
Project("{FAE04EC0-301F-11D3-BF4B-00C04F79EFBC}") = "Z6FanControl", "Z6FanControl.csproj", "{6B0A30CB-1D2C-477C-B56C-DC2089CC4228}"
EndProject
Global
	GlobalSection(SolutionConfigurationPlatforms) = preSolution
		Debug|Any CPU = Debug|Any CPU
		Release|Any CPU = Release|Any CPU
	EndGlobalSection
	GlobalSection(ProjectConfigurationPlatforms) = postSolution
		{6B0A30CB-1D2C-477C-B56C-DC2089CC4228}.Debug|Any CPU.ActiveCfg = Debug|Any CPU
		{6B0A30CB-1D2C-477C-B56C-DC2089CC4228}.Debug|Any CPU.Build.0 = Debug|Any CPU
		{6B0A30CB-1D2C-477C-B56C-DC2089CC4228}.Release|Any CPU.ActiveCfg = Release|Any CPU
		{6B0A30CB-1D2C-477C-B56C-DC2089CC4228}.Release|Any CPU.Build.0 = Release|Any CPU
	EndGlobalSection
	GlobalSection(SolutionProperties) = preSolution
		HideSolutionNode = FALSE
	EndGlobalSection
	GlobalSection(ExtensibilityGlobals) = postSolution
		SolutionGuid = {B6F00BF2-6CD7-490C-83E1-697565FFFB13}
	EndGlobalSection
EndGlobal
